
Microsoft Visual Studio Solution File, Format Version 12.00
# Visual Studio Version 17
VisualStudioVersion = 17.4.33205.214
MinimumVisualStudioVersion = 10.0.40219.1
Project("{FAE04EC0-301F-11D3-BF4B-00C04F79EFBC}") = "MaskGenerator", "MaskGenerator.csproj", "{27F02A79-F74F-4C7C-AFE4-A8D180CA4203}"
EndProject
Global
	GlobalSection(SolutionConfigurationPlatforms) = preSolution
		Debug|Any CPU = Debug|Any CPU
		Release|Any CPU = Release|Any CPU
	EndGlobalSection
	GlobalSection(ProjectConfigurationPlatforms) = postSolution
		{27F02A79-F74F-4C7C-AFE4-A8D180CA4203}.Debug|Any CPU.ActiveCfg = Debug|Any CPU
		{27F02A79-F74F-4C7C-AFE4-A8D180CA4203}.Debug|Any CPU.Build.0 = Debug|Any CPU
		{27F02A79-F74F-4C7C-AFE4-A8D180CA4203}.Release|Any CPU.ActiveCfg = Release|Any CPU
		{27F02A79-F74F-4C7C-AFE4-A8D180CA4203}.Release|Any CPU.Build.0 = Release|Any CPU
	EndGlobalSection
	GlobalSection(SolutionProperties) = preSolution
		HideSolutionNode = FALSE
	EndGlobalSection
	GlobalSection(ExtensibilityGlobals) = postSolution
		SolutionGuid = {94DC3613-6008-4AD7-A488-22B8D8FBB5D2}
	EndGlobalSection
EndGlobal
